
Microsoft Visual Studio Solution File, Format Version 12.00
# Visual Studio Version 17
VisualStudioVersion = 17.0.31903.59
MinimumVisualStudioVersion = 10.0.40219.1
Project("{FAE04EC0-301F-11D3-BF4B-00C04F79EFBC}") = "MidiAnalyzer", "MidiAnalyzer\MidiAnalyzer.csproj", "{D60A36CF-0007-462B-B5BD-58C625BD1A20}"
EndProject
Global
	GlobalSection(SolutionConfigurationPlatforms) = preSolution
		Debug|Any CPU = Debug|Any CPU
		Release|Any CPU = Release|Any CPU
	EndGlobalSection
	GlobalSection(SolutionProperties) = preSolution
		HideSolutionNode = FALSE
	EndGlobalSection
	GlobalSection(ProjectConfigurationPlatforms) = postSolution
		{D60A36CF-0007-462B-B5BD-58C625BD1A20}.Debug|Any CPU.ActiveCfg = Debug|Any CPU
		{D60A36CF-0007-462B-B5BD-58C625BD1A20}.Debug|Any CPU.Build.0 = Debug|Any CPU
		{D60A36CF-0007-462B-B5BD-58C625BD1A20}.Release|Any CPU.ActiveCfg = Release|Any CPU
		{D60A36CF-0007-462B-B5BD-58C625BD1A20}.Release|Any CPU.Build.0 = Release|Any CPU
	EndGlobalSection
EndGlobal
